
Microsoft Visual Studio Solution File, Format Version 12.00
# Visual Studio Version 16
VisualStudioVersion = 16.0.31205.134
MinimumVisualStudioVersion = 10.0.40219.1
Project("{9A19103F-16F7-4668-BE54-9A1E7A4F7556}") = "ut-host", "ut-host\ut-host.csproj", "{A436D34A-6BDA-4470-AC2E-9C601034B481}"
EndProject
Project("{FAE04EC0-301F-11D3-BF4B-00C04F79EFBC}") = "Contracts", "Contracts\Contracts.csproj", "{E0EE2CA4-B948-4419-8600-D7674658736D}"
EndProject
Project("{2150E333-8FDC-42A3-9474-1A3956D46DE8}") = "Services", "Services", "{23184AFD-27DD-4AC1-B7D3-027A584AEE36}"
EndProject
Project("{FAE04EC0-301F-11D3-BF4B-00C04F79EFBC}") = "UserAuthService", "Services\UserAuthService\UserAuthService.csproj", "{A3287259-FB39-47F5-A1F1-443E7E4FAC23}"
EndProject
Project("{2150E333-8FDC-42A3-9474-1A3956D46DE8}") = "Providers", "Providers", "{BD4C4E0F-EFA4-4768-A8C6-DCC0A0518453}"
EndProject
Project("{FAE04EC0-301F-11D3-BF4B-00C04F79EFBC}") = "SQLLiteDBProvider", "SQLLiteDBProvider\SQLLiteDBProvider.csproj", "{A2144F8F-8CAE-49B6-9789-142AA58AD07F}"
EndProject
Project("{FAE04EC0-301F-11D3-BF4B-00C04F79EFBC}") = "HotelService", "Services\HotelService\HotelService.csproj", "{F7269487-65C7-4553-B3E9-892593258C11}"
EndProject
Project("{FAE04EC0-301F-11D3-BF4B-00C04F79EFBC}") = "HotelIMService", "Services\HotelIMService\HotelIMService.csproj", "{96943081-0210-4202-85EE-A8DCC6C2BB27}"
EndProject
Global
	GlobalSection(SolutionConfigurationPlatforms) = preSolution
		Debug|Any CPU = Debug|Any CPU
		Release|Any CPU = Release|Any CPU
	EndGlobalSection
	GlobalSection(ProjectConfigurationPlatforms) = postSolution
		{A436D34A-6BDA-4470-AC2E-9C601034B481}.Debug|Any CPU.ActiveCfg = Debug|Any CPU
		{A436D34A-6BDA-4470-AC2E-9C601034B481}.Debug|Any CPU.Build.0 = Debug|Any CPU
		{A436D34A-6BDA-4470-AC2E-9C601034B481}.Release|Any CPU.ActiveCfg = Release|Any CPU
		{A436D34A-6BDA-4470-AC2E-9C601034B481}.Release|Any CPU.Build.0 = Release|Any CPU
		{E0EE2CA4-B948-4419-8600-D7674658736D}.Debug|Any CPU.ActiveCfg = Debug|Any CPU
		{E0EE2CA4-B948-4419-8600-D7674658736D}.Debug|Any CPU.Build.0 = Debug|Any CPU
		{E0EE2CA4-B948-4419-8600-D7674658736D}.Release|Any CPU.ActiveCfg = Release|Any CPU
		{E0EE2CA4-B948-4419-8600-D7674658736D}.Release|Any CPU.Build.0 = Release|Any CPU
		{A3287259-FB39-47F5-A1F1-443E7E4FAC23}.Debug|Any CPU.ActiveCfg = Debug|Any CPU
		{A3287259-FB39-47F5-A1F1-443E7E4FAC23}.Debug|Any CPU.Build.0 = Debug|Any CPU
		{A3287259-FB39-47F5-A1F1-443E7E4FAC23}.Release|Any CPU.ActiveCfg = Release|Any CPU
		{A3287259-FB39-47F5-A1F1-443E7E4FAC23}.Release|Any CPU.Build.0 = Release|Any CPU
		{A2144F8F-8CAE-49B6-9789-142AA58AD07F}.Debug|Any CPU.ActiveCfg = Debug|Any CPU
		{A2144F8F-8CAE-49B6-9789-142AA58AD07F}.Debug|Any CPU.Build.0 = Debug|Any CPU
		{A2144F8F-8CAE-49B6-9789-142AA58AD07F}.Release|Any CPU.ActiveCfg = Release|Any CPU
		{A2144F8F-8CAE-49B6-9789-142AA58AD07F}.Release|Any CPU.Build.0 = Release|Any CPU
		{F7269487-65C7-4553-B3E9-892593258C11}.Debug|Any CPU.ActiveCfg = Debug|Any CPU
		{F7269487-65C7-4553-B3E9-892593258C11}.Debug|Any CPU.Build.0 = Debug|Any CPU
		{F7269487-65C7-4553-B3E9-892593258C11}.Release|Any CPU.ActiveCfg = Release|Any CPU
		{F7269487-65C7-4553-B3E9-892593258C11}.Release|Any CPU.Build.0 = Release|Any CPU
		{96943081-0210-4202-85EE-A8DCC6C2BB27}.Debug|Any CPU.ActiveCfg = Debug|Any CPU
		{96943081-0210-4202-85EE-A8DCC6C2BB27}.Debug|Any CPU.Build.0 = Debug|Any CPU
		{96943081-0210-4202-85EE-A8DCC6C2BB27}.Release|Any CPU.ActiveCfg = Release|Any CPU
		{96943081-0210-4202-85EE-A8DCC6C2BB27}.Release|Any CPU.Build.0 = Release|Any CPU
	EndGlobalSection
	GlobalSection(SolutionProperties) = preSolution
		HideSolutionNode = FALSE
	EndGlobalSection
	GlobalSection(NestedProjects) = preSolution
		{A3287259-FB39-47F5-A1F1-443E7E4FAC23} = {23184AFD-27DD-4AC1-B7D3-027A584AEE36}
		{A2144F8F-8CAE-49B6-9789-142AA58AD07F} = {BD4C4E0F-EFA4-4768-A8C6-DCC0A0518453}
		{F7269487-65C7-4553-B3E9-892593258C11} = {23184AFD-27DD-4AC1-B7D3-027A584AEE36}
		{96943081-0210-4202-85EE-A8DCC6C2BB27} = {23184AFD-27DD-4AC1-B7D3-027A584AEE36}
	EndGlobalSection
	GlobalSection(ExtensibilityGlobals) = postSolution
		SolutionGuid = {F2D48144-A102-47A9-847E-E9D7DC9D0E80}
	EndGlobalSection
EndGlobal
