
Microsoft Visual Studio Solution File, Format Version 12.00
# Visual Studio Version 16
VisualStudioVersion = 16.0.31205.134
MinimumVisualStudioVersion = 10.0.40219.1
Project("{9A19103F-16F7-4668-BE54-9A1E7A4F7556}") = "ut-host", "ut-host\ut-host.csproj", "{A436D34A-6BDA-4470-AC2E-9C601034B481}"
EndProject
Project("{FAE04EC0-301F-11D3-BF4B-00C04F79EFBC}") = "Contracts", "Contracts\Contracts.csproj", "{E0EE2CA4-B948-4419-8600-D7674658736D}"
EndProject
Project("{2150E333-8FDC-42A3-9474-1A3956D46DE8}") = "Services", "Services", "{23184AFD-27DD-4AC1-B7D3-027A584AEE36}"
EndProject
Project("{FAE04EC0-301F-11D3-BF4B-00C04F79EFBC}") = "UserAuthService", "Services\UserAuthService\UserAuthService.csproj", "{A3287259-FB39-47F5-A1F1-443E7E4FAC23}"
EndProject
Global
	GlobalSection(SolutionConfigurationPlatforms) = preSolution
		Debug|Any CPU = Debug|Any CPU
		Release|Any CPU = Release|Any CPU
	EndGlobalSection
	GlobalSection(ProjectConfigurationPlatforms) = postSolution
		{A436D34A-6BDA-4470-AC2E-9C601034B481}.Debug|Any CPU.ActiveCfg = Debug|Any CPU
		{A436D34A-6BDA-4470-AC2E-9C601034B481}.Debug|Any CPU.Build.0 = Debug|Any CPU
		{A436D34A-6BDA-4470-AC2E-9C601034B481}.Release|Any CPU.ActiveCfg = Release|Any CPU
		{A436D34A-6BDA-4470-AC2E-9C601034B481}.Release|Any CPU.Build.0 = Release|Any CPU
		{E0EE2CA4-B948-4419-8600-D7674658736D}.Debug|Any CPU.ActiveCfg = Debug|Any CPU
		{E0EE2CA4-B948-4419-8600-D7674658736D}.Debug|Any CPU.Build.0 = Debug|Any CPU
		{E0EE2CA4-B948-4419-8600-D7674658736D}.Release|Any CPU.ActiveCfg = Release|Any CPU
		{E0EE2CA4-B948-4419-8600-D7674658736D}.Release|Any CPU.Build.0 = Release|Any CPU
		{A3287259-FB39-47F5-A1F1-443E7E4FAC23}.Debug|Any CPU.ActiveCfg = Debug|Any CPU
		{A3287259-FB39-47F5-A1F1-443E7E4FAC23}.Debug|Any CPU.Build.0 = Debug|Any CPU
		{A3287259-FB39-47F5-A1F1-443E7E4FAC23}.Release|Any CPU.ActiveCfg = Release|Any CPU
		{A3287259-FB39-47F5-A1F1-443E7E4FAC23}.Release|Any CPU.Build.0 = Release|Any CPU
	EndGlobalSection
	GlobalSection(SolutionProperties) = preSolution
		HideSolutionNode = FALSE
	EndGlobalSection
	GlobalSection(NestedProjects) = preSolution
		{A3287259-FB39-47F5-A1F1-443E7E4FAC23} = {23184AFD-27DD-4AC1-B7D3-027A584AEE36}
	EndGlobalSection
	GlobalSection(ExtensibilityGlobals) = postSolution
		SolutionGuid = {F2D48144-A102-47A9-847E-E9D7DC9D0E80}
	EndGlobalSection
EndGlobal
